# THIS IS AN AUTOGENERATED FILE. DO NOT EDIT THIS FILE DIRECTLY.
# yarn lockfile v1


"@tiptap/extension-table-cell@^2.0.0-beta.20":
  version "2.27.2"
  resolved "https://registry.yarnpkg.com/@tiptap/extension-table-cell/-/extension-table-cell-2.27.2.tgz#ff7a7b854bd7536e81345813cef1c3f38f2eff55"
  integrity sha512-9Lk46MjZMFzVZfOj9Kd7VgC6Odt6vmEhlCYVumErShUY7EkFqCw3b2IYoUtQkntfOEx/Afnhff/okNQwPsJeUA==

"@tiptap/extension-table-header@^2.0.0-beta.22":
  version "2.27.2"
  resolved "https://registry.yarnpkg.com/@tiptap/extension-table-header/-/extension-table-header-2.27.2.tgz#9b006bb4cc0a1b8e6038803e9ab2533273535a19"
  integrity sha512-ZEb6lbG0NbbodWLV0b4BS/QrDIPlUbCcuOsUxzqVvlMUY1Vg6Fj6fKwLaBcsIUDHi8sxZDBEgYEDw3BR/zcO6A==

"@tiptap/extension-table-row@^2.0.0-beta.19":
  version "2.27.2"
  resolved "https://registry.yarnpkg.com/@tiptap/extension-table-row/-/extension-table-row-2.27.2.tgz#8fe2a648fb005e9cbf9da2bc08e3c04becd260ce"
  integrity sha512-Nw9+tA56Y5HtLVP01NGCZSUuTQhJPtfK9OfmDgGgcxynn2cRVdEtj+9FNZqRhQ1iRVaAI+Rd4xRvX9qYePMOxw==

"@tiptap/extension-table@^2.0.0-beta.43":
  version "2.27.2"
  resolved "https://registry.yarnpkg.com/@tiptap/extension-table/-/extension-table-2.27.2.tgz#0f738d5205579a770323d19da5c5b49a1f61a169"
  integrity sha512-pDbhOpT5phZkcsyPjGBQlXv0+0hmdrvqHJ+dJjkGcCtlfy2pHiEIhmIItOFagc7wXy8G9iUFZ9Jie4zvDf+brg==

typescript@^4.5.2:
  version "4.5.2"
  resolved "https://registry.yarnpkg.com/typescript/-/typescript-4.5.2.tgz#8ac1fba9f52256fdb06fb89e4122fa6a346c2998"
  integrity sha512-5BlMof9H1yGt0P8/WF+wPNw6GfctgGjXp5hkblpyT+8rkASSmkUKMXrxR0Xg8ThVCi/JnHQiKXeBaEwCeQwMFw==
