# THIS IS AN AUTOGENERATED FILE. DO NOT EDIT THIS FILE DIRECTLY.
# yarn lockfile v1


"@tiptap/extension-table-cell@^2.27.1":
  version "2.27.1"
  resolved "https://registry.yarnpkg.com/@tiptap/extension-table-cell/-/extension-table-cell-2.27.1.tgz#9684f8e34a79b0de99fd981ec4847ac236099983"
  integrity sha512-VowNmz1kub2qfntWkU8jGA6DoCl9xjJBWSypuQIeiN/IRId3BMrJodT26pTNJ3ChDMtYaanWaUvYqckRxgTC2A==

"@tiptap/extension-table-header@^2.27.1":
  version "2.27.1"
  resolved "https://registry.yarnpkg.com/@tiptap/extension-table-header/-/extension-table-header-2.27.1.tgz#8bbad70a3fc8b04cbc6bd5ddac78090af27e4673"
  integrity sha512-lSbGB6kBp/sTVzAWl4v7v7ztL5XU3aTdlS7FhfGjpdsxd4zPKYG8kx+Uxgq25W9/BlCbnqHnO0poAMfOlspDQw==

"@tiptap/extension-table-row@^2.27.1":
  version "2.27.1"
  resolved "https://registry.yarnpkg.com/@tiptap/extension-table-row/-/extension-table-row-2.27.1.tgz#cc248d757f0976f3ecd0ccfc3a940f6663021231"
  integrity sha512-3xtlmZ6NWDi5a42gK0qQQTeBUpJ2j1o7qyXTFkhQaJAeIFEqsemgSRhgXZxbwSmQQZsPJ/86KWBNVkT0FaRFDw==

"@tiptap/extension-table@^2.27.1":
  version "2.27.1"
  resolved "https://registry.yarnpkg.com/@tiptap/extension-table/-/extension-table-2.27.1.tgz#3fdfad6aa243608aac94b04c32e9a23bb856e88c"
  integrity sha512-iOoOo0vYFzAogAZlw36DgmFfNM5vOkLqnApm81soO/YWpqtKAvBn+TMY4ss4OMDsOefUzBa6xqOJ0gJR5ZygjA==

typescript@^4.9.5:
  version "4.9.5"
  resolved "https://registry.yarnpkg.com/typescript/-/typescript-4.9.5.tgz#095979f9bcc0d09da324d58d03ce8f8374cbe65a"
  integrity sha512-1FXk9E2Hm+QzZQ7z+McJiHL4NW1F2EzMu9Nq9i3zAaGqibafqYwCVU6WyWAuyQRRzOlxou8xZSyXLEN8oKj24g==
