# THIS IS AN AUTOGENERATED FILE. DO NOT EDIT THIS FILE DIRECTLY.
# yarn lockfile v1


"@tiptap/extension-table-cell@^2.2.4":
  version "2.2.4"
  resolved "https://registry.yarnpkg.com/@tiptap/extension-table-cell/-/extension-table-cell-2.2.4.tgz#d280536baa3e636fcba7a6269b27984ce184b809"
  integrity sha512-Dt3FjNjM1Mh2BgEjvx5+s96DiJpC82BdMtqicO3z/Pk0X1bn70ocMuURNR7upfRYI+9YbE3+3wBk/vY1yf7ydw==

"@tiptap/extension-table-header@^2.2.4":
  version "2.2.4"
  resolved "https://registry.yarnpkg.com/@tiptap/extension-table-header/-/extension-table-header-2.2.4.tgz#de46ba3dfa696ad855db0c91c3d36b020aa0e137"
  integrity sha512-epRrB/468yGvKb/n6lW3VXWUpjMp3+mKxGWfsXLQncGb1leRbqkgQgsUUYuIEosk+70bjzz6lbfHKQBz408s3g==

"@tiptap/extension-table-row@^2.2.4":
  version "2.2.4"
  resolved "https://registry.yarnpkg.com/@tiptap/extension-table-row/-/extension-table-row-2.2.4.tgz#3d2e14fbc33643b17e935552ea361d67bc0e78cc"
  integrity sha512-VItZ0byY5CVMrcSRrdBjhElHxIq1JQAAli+o3UNYM5rLKHKx4ezeBCUh80wIKvmaAxWsLMs8h/t4crxUE8dyHA==

"@tiptap/extension-table@^2.2.4":
  version "2.2.4"
  resolved "https://registry.yarnpkg.com/@tiptap/extension-table/-/extension-table-2.2.4.tgz#6698d3b1caed9cf22ccb6c1d68fa7512faea5686"
  integrity sha512-9aEFitlcSi33I6a8nGXQ2uNBEx0urYw/C9W4Ygl49YiMzLXtXDBTqSIzVpas1KkKOSN8yaOqB2UiQdbtqGV8fw==

typescript@^4.9.5:
  version "4.9.5"
  resolved "https://registry.yarnpkg.com/typescript/-/typescript-4.9.5.tgz#095979f9bcc0d09da324d58d03ce8f8374cbe65a"
  integrity sha512-1FXk9E2Hm+QzZQ7z+McJiHL4NW1F2EzMu9Nq9i3zAaGqibafqYwCVU6WyWAuyQRRzOlxou8xZSyXLEN8oKj24g==
